
Microsoft Visual Studio Solution File, Format Version 12.00
# Visual Studio 14
VisualStudioVersion = 14.0.25420.1
MinimumVisualStudioVersion = 10.0.40219.1
Project("{FAE04EC0-301F-11D3-BF4B-00C04F79EFBC}") = "GYIN.K3.FXBZ.PROCANDSALEOUTSTOCK.App", "FXBZ_ProdAndMarketOpt\GYIN.K3.FXBZ.PROCANDSALEOUTSTOCK.App.csproj", "{91836A45-191D-48E3-B9FE-BCA83A4CAF2F}"
EndProject
Project("{FAE04EC0-301F-11D3-BF4B-00C04F79EFBC}") = "GYIN.K3.FXBZ.PROCANDSALEOUTSTOCK.Contracts", "GYIN.K3.FXBZ.PROCANDSALEOUTSTOCK.Contracts\GYIN.K3.FXBZ.PROCANDSALEOUTSTOCK.Contracts.csproj", "{88E270FB-0B28-40D0-903A-5A4ED8ADEB72}"
EndProject
Project("{FAE04EC0-301F-11D3-BF4B-00C04F79EFBC}") = "GYIN.K3.FXBZ.PROCANDSALEOUTSTOCK.ServiceHelper", "GYIN.K3.FXBZ.PROCANDSALEOUTSTOCK.ConvertPlugIn\GYIN.K3.FXBZ.PROCANDSALEOUTSTOCK.ServiceHelper.csproj", "{D51294E3-3CE1-40E5-89DE-934F25D2932C}"
EndProject
Project("{2150E333-8FDC-42A3-9474-1A3956D46DE8}") = "PlugIn", "PlugIn", "{567CA0DF-6626-4943-A976-794C1475B51F}"
EndProject
Project("{2150E333-8FDC-42A3-9474-1A3956D46DE8}") = "BusinessPlugIn", "BusinessPlugIn", "{9B053BFE-E352-4509-A9C4-43A13125F242}"
EndProject
Project("{2150E333-8FDC-42A3-9474-1A3956D46DE8}") = "ReportPlugIn", "ReportPlugIn", "{A4570AF6-2D32-4CA8-922C-DF6D10A69396}"
EndProject
Project("{2150E333-8FDC-42A3-9474-1A3956D46DE8}") = "ConvertPlugIn", "ConvertPlugIn", "{CE82C229-3F8B-4CAA-BC35-6177320DE9F8}"
EndProject
Project("{2150E333-8FDC-42A3-9474-1A3956D46DE8}") = "BaseData", "BaseData", "{5C2B930E-FE22-40A9-B474-5E8FD0B998EE}"
EndProject
Project("{FAE04EC0-301F-11D3-BF4B-00C04F79EFBC}") = "GYIN.K3.FXBZ.PRODANDSALEOUTSTOCK.BaseDataSyncPlugIn", "GYIN.K3.FXBZ.PRODANDSALEOUTSTOCK.BaseDataSyncPlugIn\GYIN.K3.FXBZ.PRODANDSALEOUTSTOCK.BaseDataSyncPlugIn.csproj", "{79E05E63-776D-4723-86B0-BF5E5FCA2DF1}"
EndProject
Project("{2150E333-8FDC-42A3-9474-1A3956D46DE8}") = "MaterialLoss", "MaterialLoss", "{F8673A27-6743-4280-ACFD-4D3C39BC5DC1}"
EndProject
Project("{FAE04EC0-301F-11D3-BF4B-00C04F79EFBC}") = "GYIN.K3.FXBZ.PRODANDSALEOUTSTOCK.MaterialLossPlugIn", "GYIN.K3.FXBZ.PRODANDSALEOUTSTOCK.MaterialLossPlugIn\GYIN.K3.FXBZ.PRODANDSALEOUTSTOCK.MaterialLossPlugIn.csproj", "{357A3DA7-4545-4A11-8B1B-AD35A431B19F}"
EndProject
Project("{FAE04EC0-301F-11D3-BF4B-00C04F79EFBC}") = "GYIN.K3.FXBZ.PRODANDSALEOUTSTOCK.StaffMDStatPlugIn", "GYIN.K3.FXBZ.PRODANDSALEOUTSTOCK.StaffMDStatPlugIn\GYIN.K3.FXBZ.PRODANDSALEOUTSTOCK.StaffMDStatPlugIn.csproj", "{858B9903-6035-4D57-A5E7-CE7328A47013}"
EndProject
Global
	GlobalSection(SolutionConfigurationPlatforms) = preSolution
		Debug|Any CPU = Debug|Any CPU
		Release|Any CPU = Release|Any CPU
	EndGlobalSection
	GlobalSection(ProjectConfigurationPlatforms) = postSolution
		{91836A45-191D-48E3-B9FE-BCA83A4CAF2F}.Debug|Any CPU.ActiveCfg = Debug|Any CPU
		{91836A45-191D-48E3-B9FE-BCA83A4CAF2F}.Debug|Any CPU.Build.0 = Debug|Any CPU
		{91836A45-191D-48E3-B9FE-BCA83A4CAF2F}.Release|Any CPU.ActiveCfg = Release|Any CPU
		{91836A45-191D-48E3-B9FE-BCA83A4CAF2F}.Release|Any CPU.Build.0 = Release|Any CPU
		{88E270FB-0B28-40D0-903A-5A4ED8ADEB72}.Debug|Any CPU.ActiveCfg = Debug|Any CPU
		{88E270FB-0B28-40D0-903A-5A4ED8ADEB72}.Debug|Any CPU.Build.0 = Debug|Any CPU
		{88E270FB-0B28-40D0-903A-5A4ED8ADEB72}.Release|Any CPU.ActiveCfg = Release|Any CPU
		{88E270FB-0B28-40D0-903A-5A4ED8ADEB72}.Release|Any CPU.Build.0 = Release|Any CPU
		{D51294E3-3CE1-40E5-89DE-934F25D2932C}.Debug|Any CPU.ActiveCfg = Debug|Any CPU
		{D51294E3-3CE1-40E5-89DE-934F25D2932C}.Debug|Any CPU.Build.0 = Debug|Any CPU
		{D51294E3-3CE1-40E5-89DE-934F25D2932C}.Release|Any CPU.ActiveCfg = Release|Any CPU
		{D51294E3-3CE1-40E5-89DE-934F25D2932C}.Release|Any CPU.Build.0 = Release|Any CPU
		{79E05E63-776D-4723-86B0-BF5E5FCA2DF1}.Debug|Any CPU.ActiveCfg = Debug|Any CPU
		{79E05E63-776D-4723-86B0-BF5E5FCA2DF1}.Debug|Any CPU.Build.0 = Debug|Any CPU
		{79E05E63-776D-4723-86B0-BF5E5FCA2DF1}.Release|Any CPU.ActiveCfg = Release|Any CPU
		{79E05E63-776D-4723-86B0-BF5E5FCA2DF1}.Release|Any CPU.Build.0 = Release|Any CPU
		{357A3DA7-4545-4A11-8B1B-AD35A431B19F}.Debug|Any CPU.ActiveCfg = Debug|Any CPU
		{357A3DA7-4545-4A11-8B1B-AD35A431B19F}.Debug|Any CPU.Build.0 = Debug|Any CPU
		{357A3DA7-4545-4A11-8B1B-AD35A431B19F}.Release|Any CPU.ActiveCfg = Release|Any CPU
		{357A3DA7-4545-4A11-8B1B-AD35A431B19F}.Release|Any CPU.Build.0 = Release|Any CPU
		{858B9903-6035-4D57-A5E7-CE7328A47013}.Debug|Any CPU.ActiveCfg = Debug|Any CPU
		{858B9903-6035-4D57-A5E7-CE7328A47013}.Debug|Any CPU.Build.0 = Debug|Any CPU
		{858B9903-6035-4D57-A5E7-CE7328A47013}.Release|Any CPU.ActiveCfg = Release|Any CPU
		{858B9903-6035-4D57-A5E7-CE7328A47013}.Release|Any CPU.Build.0 = Release|Any CPU
	EndGlobalSection
	GlobalSection(SolutionProperties) = preSolution
		HideSolutionNode = FALSE
	EndGlobalSection
	GlobalSection(NestedProjects) = preSolution
		{9B053BFE-E352-4509-A9C4-43A13125F242} = {567CA0DF-6626-4943-A976-794C1475B51F}
		{A4570AF6-2D32-4CA8-922C-DF6D10A69396} = {567CA0DF-6626-4943-A976-794C1475B51F}
		{CE82C229-3F8B-4CAA-BC35-6177320DE9F8} = {567CA0DF-6626-4943-A976-794C1475B51F}
		{5C2B930E-FE22-40A9-B474-5E8FD0B998EE} = {9B053BFE-E352-4509-A9C4-43A13125F242}
		{79E05E63-776D-4723-86B0-BF5E5FCA2DF1} = {5C2B930E-FE22-40A9-B474-5E8FD0B998EE}
		{F8673A27-6743-4280-ACFD-4D3C39BC5DC1} = {9B053BFE-E352-4509-A9C4-43A13125F242}
		{357A3DA7-4545-4A11-8B1B-AD35A431B19F} = {F8673A27-6743-4280-ACFD-4D3C39BC5DC1}
		{858B9903-6035-4D57-A5E7-CE7328A47013} = {A4570AF6-2D32-4CA8-922C-DF6D10A69396}
	EndGlobalSection
EndGlobal
