
Microsoft Visual Studio Solution File, Format Version 12.00
# Visual Studio 14
VisualStudioVersion = 14.0.25420.1
MinimumVisualStudioVersion = 10.0.40219.1
Project("{FAE04EC0-301F-11D3-BF4B-00C04F79EFBC}") = "GYIN.K3.FXBZ.PROCANDSALEOUTSTOCK.App", "FXBZ_ProdAndMarketOpt\GYIN.K3.FXBZ.PROCANDSALEOUTSTOCK.App.csproj", "{91836A45-191D-48E3-B9FE-BCA83A4CAF2F}"
EndProject
Project("{FAE04EC0-301F-11D3-BF4B-00C04F79EFBC}") = "GYIN.K3.FXBZ.PROCANDSALEOUTSTOCK.Contracts", "GYIN.K3.FXBZ.PROCANDSALEOUTSTOCK.Contracts\GYIN.K3.FXBZ.PROCANDSALEOUTSTOCK.Contracts.csproj", "{88E270FB-0B28-40D0-903A-5A4ED8ADEB72}"
EndProject
Project("{FAE04EC0-301F-11D3-BF4B-00C04F79EFBC}") = "GYIN.K3.FXBZ.PROCANDSALEOUTSTOCK.ServiceHelper", "GYIN.K3.FXBZ.PROCANDSALEOUTSTOCK.ConvertPlugIn\GYIN.K3.FXBZ.PROCANDSALEOUTSTOCK.ServiceHelper.csproj", "{D51294E3-3CE1-40E5-89DE-934F25D2932C}"
EndProject
Project("{2150E333-8FDC-42A3-9474-1A3956D46DE8}") = "PlugIn", "PlugIn", "{567CA0DF-6626-4943-A976-794C1475B51F}"
EndProject
Project("{2150E333-8FDC-42A3-9474-1A3956D46DE8}") = "BusinessPlugIn", "BusinessPlugIn", "{9B053BFE-E352-4509-A9C4-43A13125F242}"
EndProject
Project("{2150E333-8FDC-42A3-9474-1A3956D46DE8}") = "ReportPlugIn", "ReportPlugIn", "{A4570AF6-2D32-4CA8-922C-DF6D10A69396}"
EndProject
Project("{2150E333-8FDC-42A3-9474-1A3956D46DE8}") = "ConvertPlugIn", "ConvertPlugIn", "{CE82C229-3F8B-4CAA-BC35-6177320DE9F8}"
EndProject
Project("{2150E333-8FDC-42A3-9474-1A3956D46DE8}") = "BaseData", "BaseData", "{5C2B930E-FE22-40A9-B474-5E8FD0B998EE}"
EndProject
Project("{FAE04EC0-301F-11D3-BF4B-00C04F79EFBC}") = "GYIN.K3.FXBZ.PRODANDSALEOUTSTOCK.BaseDataSyncPlugIn", "GYIN.K3.FXBZ.PRODANDSALEOUTSTOCK.BaseDataSyncPlugIn\GYIN.K3.FXBZ.PRODANDSALEOUTSTOCK.BaseDataSyncPlugIn.csproj", "{79E05E63-776D-4723-86B0-BF5E5FCA2DF1}"
EndProject
Project("{2150E333-8FDC-42A3-9474-1A3956D46DE8}") = "销售出库单", "销售出库单", "{5774BC04-6FE5-4855-8488-3C551969497A}"
EndProject
Project("{FAE04EC0-301F-11D3-BF4B-00C04F79EFBC}") = "VNRX.FXBZ.SaleOutStockBill.OperationPlugIn", "VNRX.FXBZ.SaleOutStockBill.OperationPlugIn\VNRX.FXBZ.SaleOutStockBill.OperationPlugIn.csproj", "{908DDEC6-77D7-456A-B377-6ED560D0222B}"
EndProject
Project("{2150E333-8FDC-42A3-9474-1A3956D46DE8}") = "即时库存统计报表", "即时库存统计报表", "{25975B15-CAD0-45D5-8178-3555E8533488}"
EndProject
Project("{FAE04EC0-301F-11D3-BF4B-00C04F79EFBC}") = "VNRX.FXBZ.InstantStockReport.PlugIn", "VNRX.FXBZ.InstantStockReport.PlugIn\VNRX.FXBZ.InstantStockReport.PlugIn.csproj", "{2DE035B9-87AC-4867-B5E3-C9032B6D745D}"
EndProject
Project("{2150E333-8FDC-42A3-9474-1A3956D46DE8}") = "生产入库单", "生产入库单", "{31B8C1E7-2D12-452A-AD76-7CB5A4A1D61B}"
EndProject
Project("{FAE04EC0-301F-11D3-BF4B-00C04F79EFBC}") = "VNRX.FXBZ.ProInStock.PlugIn", "VNRX.FXBZ.ProInStock.PlugIn\VNRX.FXBZ.ProInStock.PlugIn.csproj", "{F9C70660-EDC3-4B8D-BA30-ED98FB8D14A2}"
EndProject
Project("{FAE04EC0-301F-11D3-BF4B-00C04F79EFBC}") = "GYIN.K3.FXBZ.PRODANDSALEOUTSTOCK.StaffMDStatPlugIn", "GYIN.K3.FXBZ.PRODANDSALEOUTSTOCK.StaffMDStatPlugIn\GYIN.K3.FXBZ.PRODANDSALEOUTSTOCK.StaffMDStatPlugIn.csproj", "{858B9903-6035-4D57-A5E7-CE7328A47013}"
EndProject
Project("{2150E333-8FDC-42A3-9474-1A3956D46DE8}") = "生产订单", "生产订单", "{E802C85F-F48F-415D-B2FC-AAFA3C1A759B}"
EndProject
Project("{FAE04EC0-301F-11D3-BF4B-00C04F79EFBC}") = "GYIN.FXBZ.PRDMO.PlugIn", "GYIN.FXBZ.PRDMO.PlugIn\GYIN.FXBZ.PRDMO.PlugIn.csproj", "{3BD3D43C-C602-4070-9ED2-E7CC2D8E2A8E}"
EndProject
Project("{2150E333-8FDC-42A3-9474-1A3956D46DE8}") = "生产用料清单", "生产用料清单", "{FE4F30D1-6EC8-4D54-911E-18E576CA7B53}"
EndProject
Project("{FAE04EC0-301F-11D3-BF4B-00C04F79EFBC}") = "GYIN,FXBZ.PPBOM.PlugIn", "GYIN,FXBZ.PPBOM.PlugIn\GYIN,FXBZ.PPBOM.PlugIn.csproj", "{5686A23C-5CCF-4E12-8EDB-8455A995807E}"
EndProject
Global
	GlobalSection(SolutionConfigurationPlatforms) = preSolution
		Debug|Any CPU = Debug|Any CPU
		Release|Any CPU = Release|Any CPU
	EndGlobalSection
	GlobalSection(ProjectConfigurationPlatforms) = postSolution
		{91836A45-191D-48E3-B9FE-BCA83A4CAF2F}.Debug|Any CPU.ActiveCfg = Debug|Any CPU
		{91836A45-191D-48E3-B9FE-BCA83A4CAF2F}.Debug|Any CPU.Build.0 = Debug|Any CPU
		{91836A45-191D-48E3-B9FE-BCA83A4CAF2F}.Release|Any CPU.ActiveCfg = Release|Any CPU
		{91836A45-191D-48E3-B9FE-BCA83A4CAF2F}.Release|Any CPU.Build.0 = Release|Any CPU
		{88E270FB-0B28-40D0-903A-5A4ED8ADEB72}.Debug|Any CPU.ActiveCfg = Debug|Any CPU
		{88E270FB-0B28-40D0-903A-5A4ED8ADEB72}.Debug|Any CPU.Build.0 = Debug|Any CPU
		{88E270FB-0B28-40D0-903A-5A4ED8ADEB72}.Release|Any CPU.ActiveCfg = Release|Any CPU
		{88E270FB-0B28-40D0-903A-5A4ED8ADEB72}.Release|Any CPU.Build.0 = Release|Any CPU
		{D51294E3-3CE1-40E5-89DE-934F25D2932C}.Debug|Any CPU.ActiveCfg = Debug|Any CPU
		{D51294E3-3CE1-40E5-89DE-934F25D2932C}.Debug|Any CPU.Build.0 = Debug|Any CPU
		{D51294E3-3CE1-40E5-89DE-934F25D2932C}.Release|Any CPU.ActiveCfg = Release|Any CPU
		{D51294E3-3CE1-40E5-89DE-934F25D2932C}.Release|Any CPU.Build.0 = Release|Any CPU
		{79E05E63-776D-4723-86B0-BF5E5FCA2DF1}.Debug|Any CPU.ActiveCfg = Debug|Any CPU
		{79E05E63-776D-4723-86B0-BF5E5FCA2DF1}.Debug|Any CPU.Build.0 = Debug|Any CPU
		{79E05E63-776D-4723-86B0-BF5E5FCA2DF1}.Release|Any CPU.ActiveCfg = Release|Any CPU
		{79E05E63-776D-4723-86B0-BF5E5FCA2DF1}.Release|Any CPU.Build.0 = Release|Any CPU
		{908DDEC6-77D7-456A-B377-6ED560D0222B}.Debug|Any CPU.ActiveCfg = Debug|Any CPU
		{908DDEC6-77D7-456A-B377-6ED560D0222B}.Debug|Any CPU.Build.0 = Debug|Any CPU
		{908DDEC6-77D7-456A-B377-6ED560D0222B}.Release|Any CPU.ActiveCfg = Release|Any CPU
		{908DDEC6-77D7-456A-B377-6ED560D0222B}.Release|Any CPU.Build.0 = Release|Any CPU
		{2DE035B9-87AC-4867-B5E3-C9032B6D745D}.Debug|Any CPU.ActiveCfg = Debug|Any CPU
		{2DE035B9-87AC-4867-B5E3-C9032B6D745D}.Debug|Any CPU.Build.0 = Debug|Any CPU
		{2DE035B9-87AC-4867-B5E3-C9032B6D745D}.Release|Any CPU.ActiveCfg = Release|Any CPU
		{2DE035B9-87AC-4867-B5E3-C9032B6D745D}.Release|Any CPU.Build.0 = Release|Any CPU
		{F9C70660-EDC3-4B8D-BA30-ED98FB8D14A2}.Debug|Any CPU.ActiveCfg = Debug|Any CPU
		{F9C70660-EDC3-4B8D-BA30-ED98FB8D14A2}.Debug|Any CPU.Build.0 = Debug|Any CPU
		{F9C70660-EDC3-4B8D-BA30-ED98FB8D14A2}.Release|Any CPU.ActiveCfg = Release|Any CPU
		{F9C70660-EDC3-4B8D-BA30-ED98FB8D14A2}.Release|Any CPU.Build.0 = Release|Any CPU
		{858B9903-6035-4D57-A5E7-CE7328A47013}.Debug|Any CPU.ActiveCfg = Debug|Any CPU
		{858B9903-6035-4D57-A5E7-CE7328A47013}.Debug|Any CPU.Build.0 = Debug|Any CPU
		{858B9903-6035-4D57-A5E7-CE7328A47013}.Release|Any CPU.ActiveCfg = Release|Any CPU
		{858B9903-6035-4D57-A5E7-CE7328A47013}.Release|Any CPU.Build.0 = Release|Any CPU
		{3BD3D43C-C602-4070-9ED2-E7CC2D8E2A8E}.Debug|Any CPU.ActiveCfg = Debug|Any CPU
		{3BD3D43C-C602-4070-9ED2-E7CC2D8E2A8E}.Debug|Any CPU.Build.0 = Debug|Any CPU
		{3BD3D43C-C602-4070-9ED2-E7CC2D8E2A8E}.Release|Any CPU.ActiveCfg = Release|Any CPU
		{3BD3D43C-C602-4070-9ED2-E7CC2D8E2A8E}.Release|Any CPU.Build.0 = Release|Any CPU
		{5686A23C-5CCF-4E12-8EDB-8455A995807E}.Debug|Any CPU.ActiveCfg = Debug|Any CPU
		{5686A23C-5CCF-4E12-8EDB-8455A995807E}.Debug|Any CPU.Build.0 = Debug|Any CPU
		{5686A23C-5CCF-4E12-8EDB-8455A995807E}.Release|Any CPU.ActiveCfg = Release|Any CPU
		{5686A23C-5CCF-4E12-8EDB-8455A995807E}.Release|Any CPU.Build.0 = Release|Any CPU
	EndGlobalSection
	GlobalSection(SolutionProperties) = preSolution
		HideSolutionNode = FALSE
	EndGlobalSection
	GlobalSection(NestedProjects) = preSolution
		{9B053BFE-E352-4509-A9C4-43A13125F242} = {567CA0DF-6626-4943-A976-794C1475B51F}
		{A4570AF6-2D32-4CA8-922C-DF6D10A69396} = {567CA0DF-6626-4943-A976-794C1475B51F}
		{CE82C229-3F8B-4CAA-BC35-6177320DE9F8} = {567CA0DF-6626-4943-A976-794C1475B51F}
		{5C2B930E-FE22-40A9-B474-5E8FD0B998EE} = {9B053BFE-E352-4509-A9C4-43A13125F242}
		{79E05E63-776D-4723-86B0-BF5E5FCA2DF1} = {5C2B930E-FE22-40A9-B474-5E8FD0B998EE}
		{5774BC04-6FE5-4855-8488-3C551969497A} = {9B053BFE-E352-4509-A9C4-43A13125F242}
		{908DDEC6-77D7-456A-B377-6ED560D0222B} = {5774BC04-6FE5-4855-8488-3C551969497A}
		{25975B15-CAD0-45D5-8178-3555E8533488} = {A4570AF6-2D32-4CA8-922C-DF6D10A69396}
		{2DE035B9-87AC-4867-B5E3-C9032B6D745D} = {25975B15-CAD0-45D5-8178-3555E8533488}
		{31B8C1E7-2D12-452A-AD76-7CB5A4A1D61B} = {9B053BFE-E352-4509-A9C4-43A13125F242}
		{F9C70660-EDC3-4B8D-BA30-ED98FB8D14A2} = {31B8C1E7-2D12-452A-AD76-7CB5A4A1D61B}
		{858B9903-6035-4D57-A5E7-CE7328A47013} = {A4570AF6-2D32-4CA8-922C-DF6D10A69396}
		{E802C85F-F48F-415D-B2FC-AAFA3C1A759B} = {9B053BFE-E352-4509-A9C4-43A13125F242}
		{3BD3D43C-C602-4070-9ED2-E7CC2D8E2A8E} = {E802C85F-F48F-415D-B2FC-AAFA3C1A759B}
		{FE4F30D1-6EC8-4D54-911E-18E576CA7B53} = {9B053BFE-E352-4509-A9C4-43A13125F242}
		{5686A23C-5CCF-4E12-8EDB-8455A995807E} = {FE4F30D1-6EC8-4D54-911E-18E576CA7B53}
	EndGlobalSection
EndGlobal
